
Microsoft Visual Studio Solution File, Format Version 12.00
# Visual Studio 15
VisualStudioVersion = 15.0.27004.2009
MinimumVisualStudioVersion = 10.0.40219.1
Project("{9A19103F-16F7-4668-BE54-9A1E7A4F7556}") = "API", "API\API.csproj", "{0EA5E2AA-9614-4956-8BE2-E87CB0E96FA5}"
EndProject
Project("{FAE04EC0-301F-11D3-BF4B-00C04F79EFBC}") = "API.Tests", "API.Tests\API.Tests.csproj", "{5539DB1C-3FDE-45BC-ABE2-9A6C732285CB}"
EndProject
Global
	GlobalSection(SolutionConfigurationPlatforms) = preSolution
		Debug|Any CPU = Debug|Any CPU
		Release|Any CPU = Release|Any CPU
	EndGlobalSection
	GlobalSection(ProjectConfigurationPlatforms) = postSolution
		{0EA5E2AA-9614-4956-8BE2-E87CB0E96FA5}.Debug|Any CPU.ActiveCfg = Debug|Any CPU
		{0EA5E2AA-9614-4956-8BE2-E87CB0E96FA5}.Debug|Any CPU.Build.0 = Debug|Any CPU
		{0EA5E2AA-9614-4956-8BE2-E87CB0E96FA5}.Release|Any CPU.ActiveCfg = Release|Any CPU
		{0EA5E2AA-9614-4956-8BE2-E87CB0E96FA5}.Release|Any CPU.Build.0 = Release|Any CPU
		{5539DB1C-3FDE-45BC-ABE2-9A6C732285CB}.Debug|Any CPU.ActiveCfg = Debug|Any CPU
		{5539DB1C-3FDE-45BC-ABE2-9A6C732285CB}.Debug|Any CPU.Build.0 = Debug|Any CPU
		{5539DB1C-3FDE-45BC-ABE2-9A6C732285CB}.Release|Any CPU.ActiveCfg = Release|Any CPU
		{5539DB1C-3FDE-45BC-ABE2-9A6C732285CB}.Release|Any CPU.Build.0 = Release|Any CPU
	EndGlobalSection
	GlobalSection(SolutionProperties) = preSolution
		HideSolutionNode = FALSE
	EndGlobalSection
	GlobalSection(ExtensibilityGlobals) = postSolution
		SolutionGuid = {E8154710-E79B-4AC9-8064-3AEEEBF2C0EA}
	EndGlobalSection
EndGlobal
